
Microsoft Visual Studio Solution File, Format Version 12.00
# Visual Studio Version 16
VisualStudioVersion = 16.0.29728.190
MinimumVisualStudioVersion = 10.0.40219.1
Project("{FAE04EC0-301F-11D3-BF4B-00C04F79EFBC}") = "Relations", "OefLes2\Relations.csproj", "{AC5724AE-E96B-427F-B0D9-F361D858850B}"
EndProject
Project("{FAE04EC0-301F-11D3-BF4B-00C04F79EFBC}") = "Abstraction and encapsulation", "OefLes3\Abstraction and encapsulation.csproj", "{FAC52793-59E6-406C-89A2-1483E9AA0E4C}"
EndProject
Project("{FAE04EC0-301F-11D3-BF4B-00C04F79EFBC}") = "Inheritance", "OefLes4\Inheritance.csproj", "{17EE4C89-B89E-4201-940D-955F5AAEC6CA}"
EndProject
Project("{FAE04EC0-301F-11D3-BF4B-00C04F79EFBC}") = "DiceGame", "DiceGame\DiceGame.csproj", "{6D719F0D-7DEB-4216-B7DE-AD93D5273853}"
EndProject
Project("{FAE04EC0-301F-11D3-BF4B-00C04F79EFBC}") = "Introduction", "OefLes1\Introduction.csproj", "{83B4063A-EB37-488B-98D6-77B7AD9375CB}"
EndProject
Project("{2150E333-8FDC-42A3-9474-1A3956D46DE8}") = "GUI", "GUI", "{09FEE5C2-AEC5-4BCA-8B18-19CE1101366C}"
EndProject
Project("{FAE04EC0-301F-11D3-BF4B-00C04F79EFBC}") = "Bank", "BankAccount\Bank.csproj", "{025E975D-5D01-430F-B5B9-CC4DCCAA8E8A}"
EndProject
Project("{FAE04EC0-301F-11D3-BF4B-00C04F79EFBC}") = "IMBD", "IMBD\IMBD.csproj", "{293455C7-D0AE-4E11-91E2-8B1D64257F34}"
EndProject
Project("{FAE04EC0-301F-11D3-BF4B-00C04F79EFBC}") = "Garage", "Sportscar\Garage.csproj", "{57DED8C9-CE9E-47DD-A29C-C307E882EB14}"
EndProject
Project("{2150E333-8FDC-42A3-9474-1A3956D46DE8}") = "Polymorphisme", "Polymorphisme", "{D82EF0AA-FEEE-499D-9A7B-66262B5E9199}"
EndProject
Project("{FAE04EC0-301F-11D3-BF4B-00C04F79EFBC}") = "Fabrics", "Stoffen\Fabrics.csproj", "{3DE90FCD-6BA0-4DA6-BDD6-DD77F12F02B5}"
EndProject
Project("{2150E333-8FDC-42A3-9474-1A3956D46DE8}") = "Excpetions", "Excpetions", "{66F04427-25BF-4E14-97BF-9E0B777E6D5D}"
EndProject
Project("{FAE04EC0-301F-11D3-BF4B-00C04F79EFBC}") = "Numbers", "Numbers\Numbers.csproj", "{C3C139CF-19E5-4FC0-880E-9C72D4020736}"
EndProject
Project("{FAE04EC0-301F-11D3-BF4B-00C04F79EFBC}") = "TooYoung", "TooYoung\TooYoung.csproj", "{F9B504CA-7C37-4314-96D0-2BFD7A4875CF}"
EndProject
Global
	GlobalSection(SolutionConfigurationPlatforms) = preSolution
		Debug|Any CPU = Debug|Any CPU
		Release|Any CPU = Release|Any CPU
	EndGlobalSection
	GlobalSection(ProjectConfigurationPlatforms) = postSolution
		{AC5724AE-E96B-427F-B0D9-F361D858850B}.Debug|Any CPU.ActiveCfg = Debug|Any CPU
		{AC5724AE-E96B-427F-B0D9-F361D858850B}.Debug|Any CPU.Build.0 = Debug|Any CPU
		{AC5724AE-E96B-427F-B0D9-F361D858850B}.Release|Any CPU.ActiveCfg = Release|Any CPU
		{AC5724AE-E96B-427F-B0D9-F361D858850B}.Release|Any CPU.Build.0 = Release|Any CPU
		{FAC52793-59E6-406C-89A2-1483E9AA0E4C}.Debug|Any CPU.ActiveCfg = Debug|Any CPU
		{FAC52793-59E6-406C-89A2-1483E9AA0E4C}.Debug|Any CPU.Build.0 = Debug|Any CPU
		{FAC52793-59E6-406C-89A2-1483E9AA0E4C}.Release|Any CPU.ActiveCfg = Release|Any CPU
		{FAC52793-59E6-406C-89A2-1483E9AA0E4C}.Release|Any CPU.Build.0 = Release|Any CPU
		{17EE4C89-B89E-4201-940D-955F5AAEC6CA}.Debug|Any CPU.ActiveCfg = Debug|Any CPU
		{17EE4C89-B89E-4201-940D-955F5AAEC6CA}.Debug|Any CPU.Build.0 = Debug|Any CPU
		{17EE4C89-B89E-4201-940D-955F5AAEC6CA}.Release|Any CPU.ActiveCfg = Release|Any CPU
		{17EE4C89-B89E-4201-940D-955F5AAEC6CA}.Release|Any CPU.Build.0 = Release|Any CPU
		{6D719F0D-7DEB-4216-B7DE-AD93D5273853}.Debug|Any CPU.ActiveCfg = Debug|Any CPU
		{6D719F0D-7DEB-4216-B7DE-AD93D5273853}.Debug|Any CPU.Build.0 = Debug|Any CPU
		{6D719F0D-7DEB-4216-B7DE-AD93D5273853}.Release|Any CPU.ActiveCfg = Release|Any CPU
		{6D719F0D-7DEB-4216-B7DE-AD93D5273853}.Release|Any CPU.Build.0 = Release|Any CPU
		{83B4063A-EB37-488B-98D6-77B7AD9375CB}.Debug|Any CPU.ActiveCfg = Debug|Any CPU
		{83B4063A-EB37-488B-98D6-77B7AD9375CB}.Debug|Any CPU.Build.0 = Debug|Any CPU
		{83B4063A-EB37-488B-98D6-77B7AD9375CB}.Release|Any CPU.ActiveCfg = Release|Any CPU
		{83B4063A-EB37-488B-98D6-77B7AD9375CB}.Release|Any CPU.Build.0 = Release|Any CPU
		{025E975D-5D01-430F-B5B9-CC4DCCAA8E8A}.Debug|Any CPU.ActiveCfg = Debug|Any CPU
		{025E975D-5D01-430F-B5B9-CC4DCCAA8E8A}.Debug|Any CPU.Build.0 = Debug|Any CPU
		{025E975D-5D01-430F-B5B9-CC4DCCAA8E8A}.Release|Any CPU.ActiveCfg = Release|Any CPU
		{025E975D-5D01-430F-B5B9-CC4DCCAA8E8A}.Release|Any CPU.Build.0 = Release|Any CPU
		{293455C7-D0AE-4E11-91E2-8B1D64257F34}.Debug|Any CPU.ActiveCfg = Debug|Any CPU
		{293455C7-D0AE-4E11-91E2-8B1D64257F34}.Debug|Any CPU.Build.0 = Debug|Any CPU
		{293455C7-D0AE-4E11-91E2-8B1D64257F34}.Release|Any CPU.ActiveCfg = Release|Any CPU
		{293455C7-D0AE-4E11-91E2-8B1D64257F34}.Release|Any CPU.Build.0 = Release|Any CPU
		{57DED8C9-CE9E-47DD-A29C-C307E882EB14}.Debug|Any CPU.ActiveCfg = Debug|Any CPU
		{57DED8C9-CE9E-47DD-A29C-C307E882EB14}.Debug|Any CPU.Build.0 = Debug|Any CPU
		{57DED8C9-CE9E-47DD-A29C-C307E882EB14}.Release|Any CPU.ActiveCfg = Release|Any CPU
		{57DED8C9-CE9E-47DD-A29C-C307E882EB14}.Release|Any CPU.Build.0 = Release|Any CPU
		{3DE90FCD-6BA0-4DA6-BDD6-DD77F12F02B5}.Debug|Any CPU.ActiveCfg = Debug|Any CPU
		{3DE90FCD-6BA0-4DA6-BDD6-DD77F12F02B5}.Debug|Any CPU.Build.0 = Debug|Any CPU
		{3DE90FCD-6BA0-4DA6-BDD6-DD77F12F02B5}.Release|Any CPU.ActiveCfg = Release|Any CPU
		{3DE90FCD-6BA0-4DA6-BDD6-DD77F12F02B5}.Release|Any CPU.Build.0 = Release|Any CPU
		{C3C139CF-19E5-4FC0-880E-9C72D4020736}.Debug|Any CPU.ActiveCfg = Debug|Any CPU
		{C3C139CF-19E5-4FC0-880E-9C72D4020736}.Debug|Any CPU.Build.0 = Debug|Any CPU
		{C3C139CF-19E5-4FC0-880E-9C72D4020736}.Release|Any CPU.ActiveCfg = Release|Any CPU
		{C3C139CF-19E5-4FC0-880E-9C72D4020736}.Release|Any CPU.Build.0 = Release|Any CPU
		{F9B504CA-7C37-4314-96D0-2BFD7A4875CF}.Debug|Any CPU.ActiveCfg = Debug|Any CPU
		{F9B504CA-7C37-4314-96D0-2BFD7A4875CF}.Debug|Any CPU.Build.0 = Debug|Any CPU
		{F9B504CA-7C37-4314-96D0-2BFD7A4875CF}.Release|Any CPU.ActiveCfg = Release|Any CPU
		{F9B504CA-7C37-4314-96D0-2BFD7A4875CF}.Release|Any CPU.Build.0 = Release|Any CPU
	EndGlobalSection
	GlobalSection(SolutionProperties) = preSolution
		HideSolutionNode = FALSE
	EndGlobalSection
	GlobalSection(NestedProjects) = preSolution
		{6D719F0D-7DEB-4216-B7DE-AD93D5273853} = {09FEE5C2-AEC5-4BCA-8B18-19CE1101366C}
		{025E975D-5D01-430F-B5B9-CC4DCCAA8E8A} = {09FEE5C2-AEC5-4BCA-8B18-19CE1101366C}
		{293455C7-D0AE-4E11-91E2-8B1D64257F34} = {09FEE5C2-AEC5-4BCA-8B18-19CE1101366C}
		{57DED8C9-CE9E-47DD-A29C-C307E882EB14} = {09FEE5C2-AEC5-4BCA-8B18-19CE1101366C}
		{3DE90FCD-6BA0-4DA6-BDD6-DD77F12F02B5} = {D82EF0AA-FEEE-499D-9A7B-66262B5E9199}
		{C3C139CF-19E5-4FC0-880E-9C72D4020736} = {66F04427-25BF-4E14-97BF-9E0B777E6D5D}
		{F9B504CA-7C37-4314-96D0-2BFD7A4875CF} = {66F04427-25BF-4E14-97BF-9E0B777E6D5D}
	EndGlobalSection
	GlobalSection(ExtensibilityGlobals) = postSolution
		SolutionGuid = {734DFCE5-2707-49A5-BDE8-61AD93F34D27}
	EndGlobalSection
EndGlobal
